// !$*UTF8*$!
{
	archiveVersion = 1;
	classes = {
	};
	objectVersion = 46;
	objects = {

/* Begin PBXBuildFile section */
		427744E720D6D49500BBAD72 /* AppDelegate.swift in Sources */ = {isa = PBXBuildFile; fileRef = 427744E620D6D49500BBAD72 /* AppDelegate.swift */; };
		427744E920D6D49500BBAD72 /* ViewController.swift in Sources */ = {isa = PBXBuildFile; fileRef = 427744E820D6D49500BBAD72 /* ViewController.swift */; };
		427744EC20D6D49500BBAD72 /* Main.storyboard in Resources */ = {isa = PBXBuildFile; fileRef = 427744EA20D6D49500BBAD72 /* Main.storyboard */; };
		427744EE20D6D49500BBAD72 /* Assets.xcassets in Resources */ = {isa = PBXBuildFile; fileRef = 427744ED20D6D49500BBAD72 /* Assets.xcassets */; };
		427744F120D6D49500BBAD72 /* LaunchScreen.storyboard in Resources */ = {isa = PBXBuildFile; fileRef = 427744EF20D6D49500BBAD72 /* LaunchScreen.storyboard */; };
/* End PBXBuildFile section */

/* Begin PBXFileReference section */
		427744E320D6D49500BBAD72 /* InterfaceBuilderBasics.app */ = {isa = PBXFileReference; explicitFileType = wrapper.application; includeInIndex = 0; path = InterfaceBuilderBasics.app; sourceTree = BUILT_PRODUCTS_DIR; };
		427744E620D6D49500BBAD72 /* AppDelegate.swift */ = {isa = PBXFileReference; lastKnownFileType = sourcecode.swift; path = AppDelegate.swift; sourceTree = "<group>"; };
		427744E820D6D49500BBAD72 /* ViewController.swift */ = {isa = PBXFileReference; lastKnownFileType = sourcecode.swift; path = ViewController.swift; sourceTree = "<group>"; };
		427744EB20D6D49500BBAD72 /* Base */ = {isa = PBXFileReference; lastKnownFileType = file.storyboard; name = Base; path = Base.lproj/Main.storyboard; sourceTree = "<group>"; };
		427744ED20D6D49500BBAD72 /* Assets.xcassets */ = {isa = PBXFileReference; lastKnownFileType = folder.assetcatalog; path = Assets.xcassets; sourceTree = "<group>"; };
		427744F020D6D49500BBAD72 /* Base */ = {isa = PBXFileReference; lastKnownFileType = file.storyboard; name = Base; path = Base.lproj/LaunchScreen.storyboard; sourceTree = "<group>"; };
		427744F220D6D49500BBAD72 /* Info.plist */ = {isa = PBXFileReference; lastKnownFileType = text.plist.xml; path = Info.plist; sourceTree = "<group>"; };
/* End PBXFileReference section */

/* Begin PBXFrameworksBuildPhase section */
		427744E020D6D49500BBAD72 /* Frameworks */ = {
			isa = PBXFrameworksBuildPhase;
			buildActionMask = 2147483647;
			files = (
			);
			runOnlyForDeploymentPostprocessing = 0;
		};
/* End PBXFrameworksBuildPhase section */

/* Begin PBXGroup section */
		427744DA20D6D49500BBAD72 = {
			isa = PBXGroup;
			children = (
				427744E520D6D49500BBAD72 /* InterfaceBuilderBasics */,
				427744E420D6D49500BBAD72 /* Products */,
			);
			sourceTree = "<group>";
		};
		427744E420D6D49500BBAD72 /* Products */ = {
			isa = PBXGroup;
			children = (
				427744E320D6D49500BBAD72 /* InterfaceBuilderBasics.app */,
			);
			name = Products;
			sourceTree = "<group>";
		};
		427744E520D6D49500BBAD72 /* InterfaceBuilderBasics */ = {
			isa = PBXGroup;
			children = (
				427744E620D6D49500BBAD72 /* AppDelegate.swift */,
				427744E820D6D49500BBAD72 /* ViewController.swift */,
				427744EA20D6D49500BBAD72 /* Main.storyboard */,
				427744ED20D6D49500BBAD72 /* Assets.xcassets */,
				427744EF20D6D49500BBAD72 /* LaunchScreen.storyboard */,
				427744F220D6D49500BBAD72 /* Info.plist */,
			);
			path = InterfaceBuilderBasics;
			sourceTree = "<group>";
		};
/* End PBXGroup section */

/* Begin PBXNativeTarget section */
		427744E220D6D49500BBAD72 /* InterfaceBuilderBasics */ = {
			isa = PBXNativeTarget;
			buildConfigurationList = 427744F520D6D49500BBAD72 /* Build configuration list for PBXNativeTarget "InterfaceBuilderBasics" */;
			buildPhases = (
				427744DF20D6D49500BBAD72 /* Sources */,
				427744E020D6D49500BBAD72 /* Frameworks */,
				427744E120D6D49500BBAD72 /* Resources */,
			);
			buildRules = (
			);
			dependencies = (
			);
			name = InterfaceBuilderBasics;
			productName = InterfaceBuilderBasics;
			productReference = 427744E320D6D49500BBAD72 /* InterfaceBuilderBasics.app */;
			productType = "com.apple.product-type.application";
		};
/* End PBXNativeTarget section */

/* Begin PBXProject section */
		427744DB20D6D49500BBAD72 /* Project object */ = {
			isa = PBXProject;
			attributes = {
				LastSwiftUpdateCheck = 0800;
				LastUpgradeCheck = 0800;
				ORGANIZATIONNAME = Edima;
				TargetAttributes = {
					427744E220D6D49500BBAD72 = {
						CreatedOnToolsVersion = 8.0;
						ProvisioningStyle = Automatic;
					};
				};
			};
			buildConfigurationList = 427744DE20D6D49500BBAD72 /* Build configuration list for PBXProject "InterfaceBuilderBasics" */;
			compatibilityVersion = "Xcode 3.2";
			developmentRegion = English;
			hasScannedForEncodings = 0;
			knownRegions = (
				en,
				Base,
			);
			mainGroup = 427744DA20D6D49500BBAD72;
			productRefGroup = 427744E420D6D49500BBAD72 /* Products */;
			projectDirPath = "";
			projectRoot = "";
			targets = (
				427744E220D6D49500BBAD72 /* InterfaceBuilderBasics */,
			);
		};
/* End PBXProject section */

/* Begin PBXResourcesBuildPhase section */
		427744E120D6D49500BBAD72 /* Resources */ = {
			isa = PBXResourcesBuildPhase;
			buildActionMask = 2147483647;
			files = (
				427744F120D6D49500BBAD72 /* LaunchScreen.storyboard in Resources */,
				427744EE20D6D49500BBAD72 /* Assets.xcassets in Resources */,
				427744EC20D6D49500BBAD72 /* Main.storyboard in Resources */,
			);
			runOnlyForDeploymentPostprocessing = 0;
		};
/* End PBXResourcesBuildPhase section */

/* Begin PBXSourcesBuildPhase section */
		427744DF20D6D49500BBAD72 /* Sources */ = {
			isa = PBXSourcesBuildPhase;
			buildActionMask = 2147483647;
			files = (
				427744E920D6D49500BBAD72 /* ViewController.swift in Sources */,
				427744E720D6D49500BBAD72 /* AppDelegate.swift in Sources */,
			);
			runOnlyForDeploymentPostprocessing = 0;
		};
/* End PBXSourcesBuildPhase section */

/* Begin PBXVariantGroup section */
		427744EA20D6D49500BBAD72 /* Main.storyboard */ = {
			isa = PBXVariantGroup;
			children = (
				427744EB20D6D49500BBAD72 /* Base */,
			);
			name = Main.storyboard;
			sourceTree = "<group>";
		};
		427744EF20D6D49500BBAD72 /* LaunchScreen.storyboard */ = {
			isa = PBXVariantGroup;
			children = (
				427744F020D6D49500BBAD72 /* Base */,
			);
			name = LaunchScreen.storyboard;
			sourceTree = "<group>";
		};
/* End PBXVariantGroup section */

/* Begin XCBuildConfiguration section */
		427744F320D6D49500BBAD72 /* Debug */ = {
			isa = XCBuildConfiguration;
			buildSettings = {
				ALWAYS_SEARCH_USER_PATHS = NO;
				CLANG_ANALYZER_NONNULL = YES;
				CLANG_CXX_LANGUAGE_STANDARD = "gnu++0x";
				CLANG_CXX_LIBRARY = "libc++";
				CLANG_ENABLE_MODULES = YES;
				CLANG_ENABLE_OBJC_ARC = YES;
				CLANG_WARN_BOOL_CONVERSION = YES;
				CLANG_WARN_CONSTANT_CONVERSION = YES;
				CLANG_WARN_DIRECT_OBJC_ISA_USAGE = YES_ERROR;
				CLANG_WARN_DOCUMENTATION_COMMENTS = YES;
				CLANG_WARN_EMPTY_BODY = YES;
				CLANG_WARN_ENUM_CONVERSION = YES;
				CLANG_WARN_INFINITE_RECURSION = YES;
				CLANG_WARN_INT_CONVERSION = YES;
				CLANG_WARN_OBJC_ROOT_CLASS = YES_ERROR;
				CLANG_WARN_SUSPICIOUS_MOVES = YES;
				CLANG_WARN_UNREACHABLE_CODE = YES;
				CLANG_WARN__DUPLICATE_METHOD_MATCH = YES;
				"CODE_SIGN_IDENTITY[sdk=iphoneos*]" = "iPhone Developer";
				COPY_PHASE_STRIP = NO;
				DEBUG_INFORMATION_FORMAT = dwarf;
				ENABLE_STRICT_OBJC_MSGSEND = YES;
				ENABLE_TESTABILITY = YES;
				GCC_C_LANGUAGE_STANDARD = gnu99;
				GCC_DYNAMIC_NO_PIC = NO;
				GCC_NO_COMMON_BLOCKS = YES;
				GCC_OPTIMIZATION_LEVEL = 0;
				GCC_PREPROCESSOR_DEFINITIONS = (
					"DEBUG=1",
					"$(inherited)",
				);
				GCC_WARN_64_TO_32_BIT_CONVERSION = YES;
				GCC_WARN_ABOUT_RETURN_TYPE = YES_ERROR;
				GCC_WARN_UNDECLARED_SELECTOR = YES;
				GCC_WARN_UNINITIALIZED_AUTOS = YES_AGGRESSIVE;
				GCC_WARN_UNUSED_FUNCTION = YES;
				GCC_WARN_UNUSED_VARIABLE = YES;
				IPHONEOS_DEPLOYMENT_TARGET = 10.0;
				MTL_ENABLE_DEBUG_INFO = YES;
				ONLY_ACTIVE_ARCH = YES;
				SDKROOT = iphoneos;
				SWIFT_ACTIVE_COMPILATION_CONDITIONS = DEBUG;
				SWIFT_OPTIMIZATION_LEVEL = "-Onone";
			};
			name = Debug;
		};
		427744F420D6D49500BBAD72 /* Release */ = {
			isa = XCBuildConfiguration;
			buildSettings = {
				ALWAYS_SEARCH_USER_PATHS = NO;
				CLANG_ANALYZER_NONNULL = YES;
				CLANG_CXX_LANGUAGE_STANDARD = "gnu++0x";
				CLANG_CXX_LIBRARY = "libc++";
				CLANG_ENABLE_MODULES = YES;
				CLANG_ENABLE_OBJC_ARC = YES;
				CLANG_WARN_BOOL_CONVERSION = YES;
				CLANG_WARN_CONSTANT_CONVERSION = YES;
				CLANG_WARN_DIRECT_OBJC_ISA_USAGE = YES_ERROR;
				CLANG_WARN_DOCUMENTATION_COMMENTS = YES;
				CLANG_WARN_EMPTY_BODY = YES;
				CLANG_WARN_ENUM_CONVERSION = YES;
				CLANG_WARN_INFINITE_RECURSION = YES;
				CLANG_WARN_INT_CONVERSION = YES;
				CLANG_WARN_OBJC_ROOT_CLASS = YES_ERROR;
				CLANG_WARN_SUSPICIOUS_MOVES = YES;
				CLANG_WARN_UNREACHABLE_CODE = YES;
				CLANG_WARN__DUPLICATE_METHOD_MATCH = YES;
				"CODE_SIGN_IDENTITY[sdk=iphoneos*]" = "iPhone Developer";
				COPY_PHASE_STRIP = NO;
				DEBUG_INFORMATION_FORMAT = "dwarf-with-dsym";
				ENABLE_NS_ASSERTIONS = NO;
				ENABLE_STRICT_OBJC_MSGSEND = YES;
				GCC_C_LANGUAGE_STANDARD = gnu99;
				GCC_NO_COMMON_BLOCKS = YES;
				GCC_WARN_64_TO_32_BIT_CONVERSION = YES;
				GCC_WARN_ABOUT_RETURN_TYPE = YES_ERROR;
				GCC_WARN_UNDECLARED_SELECTOR = YES;
				GCC_WARN_UNINITIALIZED_AUTOS = YES_AGGRESSIVE;
				GCC_WARN_UNUSED_FUNCTION = YES;
				GCC_WARN_UNUSED_VARIABLE = YES;
				IPHONEOS_DEPLOYMENT_TARGET = 10.0;
				MTL_ENABLE_DEBUG_INFO = NO;
				SDKROOT = iphoneos;
				SWIFT_OPTIMIZATION_LEVEL = "-Owholemodule";
				VALIDATE_PRODUCT = YES;
			};
			name = Release;
		};
		427744F620D6D49500BBAD72 /* Debug */ = {
			isa = XCBuildConfiguration;
			buildSettings = {
				ASSETCATALOG_COMPILER_APPICON_NAME = AppIcon;
				INFOPLIST_FILE = InterfaceBuilderBasics/Info.plist;
				LD_RUNPATH_SEARCH_PATHS = "$(inherited) @executable_path/Frameworks";
				PRODUCT_BUNDLE_IDENTIFIER = edima.InterfaceBuilderBasics;
				PRODUCT_NAME = "$(TARGET_NAME)";
				SWIFT_VERSION = 3.0;
			};
			name = Debug;
		};
		427744F720D6D49500BBAD72 /* Release */ = {
			isa = XCBuildConfiguration;
			buildSettings = {
				ASSETCATALOG_COMPILER_APPICON_NAME = AppIcon;
				INFOPLIST_FILE = InterfaceBuilderBasics/Info.plist;
				LD_RUNPATH_SEARCH_PATHS = "$(inherited) @executable_path/Frameworks";
				PRODUCT_BUNDLE_IDENTIFIER = edima.InterfaceBuilderBasics;
				PRODUCT_NAME = "$(TARGET_NAME)";
				SWIFT_VERSION = 3.0;
			};
			name = Release;
		};
/* End XCBuildConfiguration section */

/* Begin XCConfigurationList section */
		427744DE20D6D49500BBAD72 /* Build configuration list for PBXProject "InterfaceBuilderBasics" */ = {
			isa = XCConfigurationList;
			buildConfigurations = (
				427744F320D6D49500BBAD72 /* Debug */,
				427744F420D6D49500BBAD72 /* Release */,
			);
			defaultConfigurationIsVisible = 0;
			defaultConfigurationName = Release;
		};
		427744F520D6D49500BBAD72 /* Build configuration list for PBXNativeTarget "InterfaceBuilderBasics" */ = {
			isa = XCConfigurationList;
			buildConfigurations = (
				427744F620D6D49500BBAD72 /* Debug */,
				427744F720D6D49500BBAD72 /* Release */,
			);
			defaultConfigurationIsVisible = 0;
		};
/* End XCConfigurationList section */
	};
	rootObject = 427744DB20D6D49500BBAD72 /* Project object */;
}
