// !$*UTF8*$!
{
	archiveVersion = 1;
	classes = {
	};
	objectVersion = 46;
	objects = {

/* Begin PBXBuildFile section */
		4249D0DB1DA0B52B008D9AC8 /* AppDelegate.swift in Sources */ = {isa = PBXBuildFile; fileRef = 4249D0DA1DA0B52B008D9AC8 /* AppDelegate.swift */; };
		4249D0DD1DA0B52B008D9AC8 /* ViewController.swift in Sources */ = {isa = PBXBuildFile; fileRef = 4249D0DC1DA0B52B008D9AC8 /* ViewController.swift */; };
		4249D0E01DA0B52B008D9AC8 /* Main.storyboard in Resources */ = {isa = PBXBuildFile; fileRef = 4249D0DE1DA0B52B008D9AC8 /* Main.storyboard */; };
		4249D0E21DA0B52B008D9AC8 /* Assets.xcassets in Resources */ = {isa = PBXBuildFile; fileRef = 4249D0E11DA0B52B008D9AC8 /* Assets.xcassets */; };
		4249D0E51DA0B52B008D9AC8 /* LaunchScreen.storyboard in Resources */ = {isa = PBXBuildFile; fileRef = 4249D0E31DA0B52B008D9AC8 /* LaunchScreen.storyboard */; };
/* End PBXBuildFile section */

/* Begin PBXFileReference section */
		4249D0D71DA0B52B008D9AC8 /* HelloWorld2.app */ = {isa = PBXFileReference; explicitFileType = wrapper.application; includeInIndex = 0; path = HelloWorld2.app; sourceTree = BUILT_PRODUCTS_DIR; };
		4249D0DA1DA0B52B008D9AC8 /* AppDelegate.swift */ = {isa = PBXFileReference; lastKnownFileType = sourcecode.swift; path = AppDelegate.swift; sourceTree = "<group>"; };
		4249D0DC1DA0B52B008D9AC8 /* ViewController.swift */ = {isa = PBXFileReference; lastKnownFileType = sourcecode.swift; path = ViewController.swift; sourceTree = "<group>"; };
		4249D0DF1DA0B52B008D9AC8 /* Base */ = {isa = PBXFileReference; lastKnownFileType = file.storyboard; name = Base; path = Base.lproj/Main.storyboard; sourceTree = "<group>"; };
		4249D0E11DA0B52B008D9AC8 /* Assets.xcassets */ = {isa = PBXFileReference; lastKnownFileType = folder.assetcatalog; path = Assets.xcassets; sourceTree = "<group>"; };
		4249D0E41DA0B52B008D9AC8 /* Base */ = {isa = PBXFileReference; lastKnownFileType = file.storyboard; name = Base; path = Base.lproj/LaunchScreen.storyboard; sourceTree = "<group>"; };
		4249D0E61DA0B52B008D9AC8 /* Info.plist */ = {isa = PBXFileReference; lastKnownFileType = text.plist.xml; path = Info.plist; sourceTree = "<group>"; };
/* End PBXFileReference section */

/* Begin PBXFrameworksBuildPhase section */
		4249D0D41DA0B529008D9AC8 /* Frameworks */ = {
			isa = PBXFrameworksBuildPhase;
			buildActionMask = 2147483647;
			files = (
			);
			runOnlyForDeploymentPostprocessing = 0;
		};
/* End PBXFrameworksBuildPhase section */

/* Begin PBXGroup section */
		4249D0CE1DA0B529008D9AC8 = {
			isa = PBXGroup;
			children = (
				4249D0D91DA0B52B008D9AC8 /* HelloWorld2 */,
				4249D0D81DA0B52B008D9AC8 /* Products */,
			);
			sourceTree = "<group>";
		};
		4249D0D81DA0B52B008D9AC8 /* Products */ = {
			isa = PBXGroup;
			children = (
				4249D0D71DA0B52B008D9AC8 /* HelloWorld2.app */,
			);
			name = Products;
			sourceTree = "<group>";
		};
		4249D0D91DA0B52B008D9AC8 /* HelloWorld2 */ = {
			isa = PBXGroup;
			children = (
				4249D0DA1DA0B52B008D9AC8 /* AppDelegate.swift */,
				4249D0DC1DA0B52B008D9AC8 /* ViewController.swift */,
				4249D0DE1DA0B52B008D9AC8 /* Main.storyboard */,
				4249D0E11DA0B52B008D9AC8 /* Assets.xcassets */,
				4249D0E31DA0B52B008D9AC8 /* LaunchScreen.storyboard */,
				4249D0E61DA0B52B008D9AC8 /* Info.plist */,
			);
			path = HelloWorld2;
			sourceTree = "<group>";
		};
/* End PBXGroup section */

/* Begin PBXNativeTarget section */
		4249D0D61DA0B529008D9AC8 /* HelloWorld2 */ = {
			isa = PBXNativeTarget;
			buildConfigurationList = 4249D0E91DA0B52B008D9AC8 /* Build configuration list for PBXNativeTarget "HelloWorld2" */;
			buildPhases = (
				4249D0D31DA0B529008D9AC8 /* Sources */,
				4249D0D41DA0B529008D9AC8 /* Frameworks */,
				4249D0D51DA0B529008D9AC8 /* Resources */,
			);
			buildRules = (
			);
			dependencies = (
			);
			name = HelloWorld2;
			productName = HelloWorld2;
			productReference = 4249D0D71DA0B52B008D9AC8 /* HelloWorld2.app */;
			productType = "com.apple.product-type.application";
		};
/* End PBXNativeTarget section */

/* Begin PBXProject section */
		4249D0CF1DA0B529008D9AC8 /* Project object */ = {
			isa = PBXProject;
			attributes = {
				LastSwiftUpdateCheck = 0800;
				LastUpgradeCheck = 0800;
				ORGANIZATIONNAME = Edima;
				TargetAttributes = {
					4249D0D61DA0B529008D9AC8 = {
						CreatedOnToolsVersion = 8.0;
						ProvisioningStyle = Automatic;
					};
				};
			};
			buildConfigurationList = 4249D0D21DA0B529008D9AC8 /* Build configuration list for PBXProject "HelloWorld2" */;
			compatibilityVersion = "Xcode 3.2";
			developmentRegion = English;
			hasScannedForEncodings = 0;
			knownRegions = (
				en,
				Base,
			);
			mainGroup = 4249D0CE1DA0B529008D9AC8;
			productRefGroup = 4249D0D81DA0B52B008D9AC8 /* Products */;
			projectDirPath = "";
			projectRoot = "";
			targets = (
				4249D0D61DA0B529008D9AC8 /* HelloWorld2 */,
			);
		};
/* End PBXProject section */

/* Begin PBXResourcesBuildPhase section */
		4249D0D51DA0B529008D9AC8 /* Resources */ = {
			isa = PBXResourcesBuildPhase;
			buildActionMask = 2147483647;
			files = (
				4249D0E51DA0B52B008D9AC8 /* LaunchScreen.storyboard in Resources */,
				4249D0E21DA0B52B008D9AC8 /* Assets.xcassets in Resources */,
				4249D0E01DA0B52B008D9AC8 /* Main.storyboard in Resources */,
			);
			runOnlyForDeploymentPostprocessing = 0;
		};
/* End PBXResourcesBuildPhase section */

/* Begin PBXSourcesBuildPhase section */
		4249D0D31DA0B529008D9AC8 /* Sources */ = {
			isa = PBXSourcesBuildPhase;
			buildActionMask = 2147483647;
			files = (
				4249D0DD1DA0B52B008D9AC8 /* ViewController.swift in Sources */,
				4249D0DB1DA0B52B008D9AC8 /* AppDelegate.swift in Sources */,
			);
			runOnlyForDeploymentPostprocessing = 0;
		};
/* End PBXSourcesBuildPhase section */

/* Begin PBXVariantGroup section */
		4249D0DE1DA0B52B008D9AC8 /* Main.storyboard */ = {
			isa = PBXVariantGroup;
			children = (
				4249D0DF1DA0B52B008D9AC8 /* Base */,
			);
			name = Main.storyboard;
			sourceTree = "<group>";
		};
		4249D0E31DA0B52B008D9AC8 /* LaunchScreen.storyboard */ = {
			isa = PBXVariantGroup;
			children = (
				4249D0E41DA0B52B008D9AC8 /* Base */,
			);
			name = LaunchScreen.storyboard;
			sourceTree = "<group>";
		};
/* End PBXVariantGroup section */

/* Begin XCBuildConfiguration section */
		4249D0E71DA0B52B008D9AC8 /* Debug */ = {
			isa = XCBuildConfiguration;
			buildSettings = {
				ALWAYS_SEARCH_USER_PATHS = NO;
				CLANG_ANALYZER_NONNULL = YES;
				CLANG_CXX_LANGUAGE_STANDARD = "gnu++0x";
				CLANG_CXX_LIBRARY = "libc++";
				CLANG_ENABLE_MODULES = YES;
				CLANG_ENABLE_OBJC_ARC = YES;
				CLANG_WARN_BOOL_CONVERSION = YES;
				CLANG_WARN_CONSTANT_CONVERSION = YES;
				CLANG_WARN_DIRECT_OBJC_ISA_USAGE = YES_ERROR;
				CLANG_WARN_DOCUMENTATION_COMMENTS = YES;
				CLANG_WARN_EMPTY_BODY = YES;
				CLANG_WARN_ENUM_CONVERSION = YES;
				CLANG_WARN_INFINITE_RECURSION = YES;
				CLANG_WARN_INT_CONVERSION = YES;
				CLANG_WARN_OBJC_ROOT_CLASS = YES_ERROR;
				CLANG_WARN_SUSPICIOUS_MOVES = YES;
				CLANG_WARN_UNREACHABLE_CODE = YES;
				CLANG_WARN__DUPLICATE_METHOD_MATCH = YES;
				"CODE_SIGN_IDENTITY[sdk=iphoneos*]" = "iPhone Developer";
				COPY_PHASE_STRIP = NO;
				DEBUG_INFORMATION_FORMAT = dwarf;
				ENABLE_STRICT_OBJC_MSGSEND = YES;
				ENABLE_TESTABILITY = YES;
				GCC_C_LANGUAGE_STANDARD = gnu99;
				GCC_DYNAMIC_NO_PIC = NO;
				GCC_NO_COMMON_BLOCKS = YES;
				GCC_OPTIMIZATION_LEVEL = 0;
				GCC_PREPROCESSOR_DEFINITIONS = (
					"DEBUG=1",
					"$(inherited)",
				);
				GCC_WARN_64_TO_32_BIT_CONVERSION = YES;
				GCC_WARN_ABOUT_RETURN_TYPE = YES_ERROR;
				GCC_WARN_UNDECLARED_SELECTOR = YES;
				GCC_WARN_UNINITIALIZED_AUTOS = YES_AGGRESSIVE;
				GCC_WARN_UNUSED_FUNCTION = YES;
				GCC_WARN_UNUSED_VARIABLE = YES;
				IPHONEOS_DEPLOYMENT_TARGET = 10.0;
				MTL_ENABLE_DEBUG_INFO = YES;
				ONLY_ACTIVE_ARCH = YES;
				SDKROOT = iphoneos;
				SWIFT_ACTIVE_COMPILATION_CONDITIONS = DEBUG;
				SWIFT_OPTIMIZATION_LEVEL = "-Onone";
			};
			name = Debug;
		};
		4249D0E81DA0B52B008D9AC8 /* Release */ = {
			isa = XCBuildConfiguration;
			buildSettings = {
				ALWAYS_SEARCH_USER_PATHS = NO;
				CLANG_ANALYZER_NONNULL = YES;
				CLANG_CXX_LANGUAGE_STANDARD = "gnu++0x";
				CLANG_CXX_LIBRARY = "libc++";
				CLANG_ENABLE_MODULES = YES;
				CLANG_ENABLE_OBJC_ARC = YES;
				CLANG_WARN_BOOL_CONVERSION = YES;
				CLANG_WARN_CONSTANT_CONVERSION = YES;
				CLANG_WARN_DIRECT_OBJC_ISA_USAGE = YES_ERROR;
				CLANG_WARN_DOCUMENTATION_COMMENTS = YES;
				CLANG_WARN_EMPTY_BODY = YES;
				CLANG_WARN_ENUM_CONVERSION = YES;
				CLANG_WARN_INFINITE_RECURSION = YES;
				CLANG_WARN_INT_CONVERSION = YES;
				CLANG_WARN_OBJC_ROOT_CLASS = YES_ERROR;
				CLANG_WARN_SUSPICIOUS_MOVES = YES;
				CLANG_WARN_UNREACHABLE_CODE = YES;
				CLANG_WARN__DUPLICATE_METHOD_MATCH = YES;
				"CODE_SIGN_IDENTITY[sdk=iphoneos*]" = "iPhone Developer";
				COPY_PHASE_STRIP = NO;
				DEBUG_INFORMATION_FORMAT = "dwarf-with-dsym";
				ENABLE_NS_ASSERTIONS = NO;
				ENABLE_STRICT_OBJC_MSGSEND = YES;
				GCC_C_LANGUAGE_STANDARD = gnu99;
				GCC_NO_COMMON_BLOCKS = YES;
				GCC_WARN_64_TO_32_BIT_CONVERSION = YES;
				GCC_WARN_ABOUT_RETURN_TYPE = YES_ERROR;
				GCC_WARN_UNDECLARED_SELECTOR = YES;
				GCC_WARN_UNINITIALIZED_AUTOS = YES_AGGRESSIVE;
				GCC_WARN_UNUSED_FUNCTION = YES;
				GCC_WARN_UNUSED_VARIABLE = YES;
				IPHONEOS_DEPLOYMENT_TARGET = 10.0;
				MTL_ENABLE_DEBUG_INFO = NO;
				SDKROOT = iphoneos;
				SWIFT_OPTIMIZATION_LEVEL = "-Owholemodule";
				VALIDATE_PRODUCT = YES;
			};
			name = Release;
		};
		4249D0EA1DA0B52B008D9AC8 /* Debug */ = {
			isa = XCBuildConfiguration;
			buildSettings = {
				ASSETCATALOG_COMPILER_APPICON_NAME = AppIcon;
				INFOPLIST_FILE = HelloWorld2/Info.plist;
				LD_RUNPATH_SEARCH_PATHS = "$(inherited) @executable_path/Frameworks";
				PRODUCT_BUNDLE_IDENTIFIER = edima.HelloWorld2;
				PRODUCT_NAME = "$(TARGET_NAME)";
				SWIFT_VERSION = 3.0;
			};
			name = Debug;
		};
		4249D0EB1DA0B52B008D9AC8 /* Release */ = {
			isa = XCBuildConfiguration;
			buildSettings = {
				ASSETCATALOG_COMPILER_APPICON_NAME = AppIcon;
				INFOPLIST_FILE = HelloWorld2/Info.plist;
				LD_RUNPATH_SEARCH_PATHS = "$(inherited) @executable_path/Frameworks";
				PRODUCT_BUNDLE_IDENTIFIER = edima.HelloWorld2;
				PRODUCT_NAME = "$(TARGET_NAME)";
				SWIFT_VERSION = 3.0;
			};
			name = Release;
		};
/* End XCBuildConfiguration section */

/* Begin XCConfigurationList section */
		4249D0D21DA0B529008D9AC8 /* Build configuration list for PBXProject "HelloWorld2" */ = {
			isa = XCConfigurationList;
			buildConfigurations = (
				4249D0E71DA0B52B008D9AC8 /* Debug */,
				4249D0E81DA0B52B008D9AC8 /* Release */,
			);
			defaultConfigurationIsVisible = 0;
			defaultConfigurationName = Release;
		};
		4249D0E91DA0B52B008D9AC8 /* Build configuration list for PBXNativeTarget "HelloWorld2" */ = {
			isa = XCConfigurationList;
			buildConfigurations = (
				4249D0EA1DA0B52B008D9AC8 /* Debug */,
				4249D0EB1DA0B52B008D9AC8 /* Release */,
			);
			defaultConfigurationIsVisible = 0;
		};
/* End XCConfigurationList section */
	};
	rootObject = 4249D0CF1DA0B529008D9AC8 /* Project object */;
}
