// !$*UTF8*$!
{
	archiveVersion = 1;
	classes = {
	};
	objectVersion = 46;
	objects = {

/* Begin PBXBuildFile section */
		42731C281D439FDC006E0FBC /* AppDelegate.swift in Sources */ = {isa = PBXBuildFile; fileRef = 42731C271D439FDC006E0FBC /* AppDelegate.swift */; };
		42731C2A1D439FDC006E0FBC /* ViewController.swift in Sources */ = {isa = PBXBuildFile; fileRef = 42731C291D439FDC006E0FBC /* ViewController.swift */; };
		42731C2D1D439FDD006E0FBC /* Main.storyboard in Resources */ = {isa = PBXBuildFile; fileRef = 42731C2B1D439FDD006E0FBC /* Main.storyboard */; };
		42731C2F1D439FDD006E0FBC /* Assets.xcassets in Resources */ = {isa = PBXBuildFile; fileRef = 42731C2E1D439FDD006E0FBC /* Assets.xcassets */; };
		42731C321D439FDD006E0FBC /* LaunchScreen.storyboard in Resources */ = {isa = PBXBuildFile; fileRef = 42731C301D439FDD006E0FBC /* LaunchScreen.storyboard */; };
/* End PBXBuildFile section */

/* Begin PBXFileReference section */
		42731C241D439FDB006E0FBC /* FindingPrime.app */ = {isa = PBXFileReference; explicitFileType = wrapper.application; includeInIndex = 0; path = FindingPrime.app; sourceTree = BUILT_PRODUCTS_DIR; };
		42731C271D439FDC006E0FBC /* AppDelegate.swift */ = {isa = PBXFileReference; lastKnownFileType = sourcecode.swift; path = AppDelegate.swift; sourceTree = "<group>"; };
		42731C291D439FDC006E0FBC /* ViewController.swift */ = {isa = PBXFileReference; lastKnownFileType = sourcecode.swift; path = ViewController.swift; sourceTree = "<group>"; };
		42731C2C1D439FDD006E0FBC /* Base */ = {isa = PBXFileReference; lastKnownFileType = file.storyboard; name = Base; path = Base.lproj/Main.storyboard; sourceTree = "<group>"; };
		42731C2E1D439FDD006E0FBC /* Assets.xcassets */ = {isa = PBXFileReference; lastKnownFileType = folder.assetcatalog; path = Assets.xcassets; sourceTree = "<group>"; };
		42731C311D439FDD006E0FBC /* Base */ = {isa = PBXFileReference; lastKnownFileType = file.storyboard; name = Base; path = Base.lproj/LaunchScreen.storyboard; sourceTree = "<group>"; };
		42731C331D439FDD006E0FBC /* Info.plist */ = {isa = PBXFileReference; lastKnownFileType = text.plist.xml; path = Info.plist; sourceTree = "<group>"; };
/* End PBXFileReference section */

/* Begin PBXFrameworksBuildPhase section */
		42731C211D439FDB006E0FBC /* Frameworks */ = {
			isa = PBXFrameworksBuildPhase;
			buildActionMask = 2147483647;
			files = (
			);
			runOnlyForDeploymentPostprocessing = 0;
		};
/* End PBXFrameworksBuildPhase section */

/* Begin PBXGroup section */
		42731C1B1D439FDB006E0FBC = {
			isa = PBXGroup;
			children = (
				42731C261D439FDC006E0FBC /* FindingPrime */,
				42731C251D439FDB006E0FBC /* Products */,
			);
			sourceTree = "<group>";
		};
		42731C251D439FDB006E0FBC /* Products */ = {
			isa = PBXGroup;
			children = (
				42731C241D439FDB006E0FBC /* FindingPrime.app */,
			);
			name = Products;
			sourceTree = "<group>";
		};
		42731C261D439FDC006E0FBC /* FindingPrime */ = {
			isa = PBXGroup;
			children = (
				42731C271D439FDC006E0FBC /* AppDelegate.swift */,
				42731C291D439FDC006E0FBC /* ViewController.swift */,
				42731C2B1D439FDD006E0FBC /* Main.storyboard */,
				42731C2E1D439FDD006E0FBC /* Assets.xcassets */,
				42731C301D439FDD006E0FBC /* LaunchScreen.storyboard */,
				42731C331D439FDD006E0FBC /* Info.plist */,
			);
			path = FindingPrime;
			sourceTree = "<group>";
		};
/* End PBXGroup section */

/* Begin PBXNativeTarget section */
		42731C231D439FDB006E0FBC /* FindingPrime */ = {
			isa = PBXNativeTarget;
			buildConfigurationList = 42731C361D439FDD006E0FBC /* Build configuration list for PBXNativeTarget "FindingPrime" */;
			buildPhases = (
				42731C201D439FDB006E0FBC /* Sources */,
				42731C211D439FDB006E0FBC /* Frameworks */,
				42731C221D439FDB006E0FBC /* Resources */,
			);
			buildRules = (
			);
			dependencies = (
			);
			name = FindingPrime;
			productName = FindingPrime;
			productReference = 42731C241D439FDB006E0FBC /* FindingPrime.app */;
			productType = "com.apple.product-type.application";
		};
/* End PBXNativeTarget section */

/* Begin PBXProject section */
		42731C1C1D439FDB006E0FBC /* Project object */ = {
			isa = PBXProject;
			attributes = {
				LastSwiftUpdateCheck = 0730;
				LastUpgradeCheck = 0730;
				ORGANIZATIONNAME = Edima;
				TargetAttributes = {
					42731C231D439FDB006E0FBC = {
						CreatedOnToolsVersion = 7.3.1;
						DevelopmentTeam = A8T75P539K;
					};
				};
			};
			buildConfigurationList = 42731C1F1D439FDB006E0FBC /* Build configuration list for PBXProject "FindingPrime" */;
			compatibilityVersion = "Xcode 3.2";
			developmentRegion = English;
			hasScannedForEncodings = 0;
			knownRegions = (
				en,
				Base,
			);
			mainGroup = 42731C1B1D439FDB006E0FBC;
			productRefGroup = 42731C251D439FDB006E0FBC /* Products */;
			projectDirPath = "";
			projectRoot = "";
			targets = (
				42731C231D439FDB006E0FBC /* FindingPrime */,
			);
		};
/* End PBXProject section */

/* Begin PBXResourcesBuildPhase section */
		42731C221D439FDB006E0FBC /* Resources */ = {
			isa = PBXResourcesBuildPhase;
			buildActionMask = 2147483647;
			files = (
				42731C321D439FDD006E0FBC /* LaunchScreen.storyboard in Resources */,
				42731C2F1D439FDD006E0FBC /* Assets.xcassets in Resources */,
				42731C2D1D439FDD006E0FBC /* Main.storyboard in Resources */,
			);
			runOnlyForDeploymentPostprocessing = 0;
		};
/* End PBXResourcesBuildPhase section */

/* Begin PBXSourcesBuildPhase section */
		42731C201D439FDB006E0FBC /* Sources */ = {
			isa = PBXSourcesBuildPhase;
			buildActionMask = 2147483647;
			files = (
				42731C2A1D439FDC006E0FBC /* ViewController.swift in Sources */,
				42731C281D439FDC006E0FBC /* AppDelegate.swift in Sources */,
			);
			runOnlyForDeploymentPostprocessing = 0;
		};
/* End PBXSourcesBuildPhase section */

/* Begin PBXVariantGroup section */
		42731C2B1D439FDD006E0FBC /* Main.storyboard */ = {
			isa = PBXVariantGroup;
			children = (
				42731C2C1D439FDD006E0FBC /* Base */,
			);
			name = Main.storyboard;
			sourceTree = "<group>";
		};
		42731C301D439FDD006E0FBC /* LaunchScreen.storyboard */ = {
			isa = PBXVariantGroup;
			children = (
				42731C311D439FDD006E0FBC /* Base */,
			);
			name = LaunchScreen.storyboard;
			sourceTree = "<group>";
		};
/* End PBXVariantGroup section */

/* Begin XCBuildConfiguration section */
		42731C341D439FDD006E0FBC /* Debug */ = {
			isa = XCBuildConfiguration;
			buildSettings = {
				ALWAYS_SEARCH_USER_PATHS = NO;
				CLANG_ANALYZER_NONNULL = YES;
				CLANG_CXX_LANGUAGE_STANDARD = "gnu++0x";
				CLANG_CXX_LIBRARY = "libc++";
				CLANG_ENABLE_MODULES = YES;
				CLANG_ENABLE_OBJC_ARC = YES;
				CLANG_WARN_BOOL_CONVERSION = YES;
				CLANG_WARN_CONSTANT_CONVERSION = YES;
				CLANG_WARN_DIRECT_OBJC_ISA_USAGE = YES_ERROR;
				CLANG_WARN_EMPTY_BODY = YES;
				CLANG_WARN_ENUM_CONVERSION = YES;
				CLANG_WARN_INT_CONVERSION = YES;
				CLANG_WARN_OBJC_ROOT_CLASS = YES_ERROR;
				CLANG_WARN_UNREACHABLE_CODE = YES;
				CLANG_WARN__DUPLICATE_METHOD_MATCH = YES;
				"CODE_SIGN_IDENTITY[sdk=iphoneos*]" = "iPhone Developer";
				COPY_PHASE_STRIP = NO;
				DEBUG_INFORMATION_FORMAT = dwarf;
				ENABLE_STRICT_OBJC_MSGSEND = YES;
				ENABLE_TESTABILITY = YES;
				GCC_C_LANGUAGE_STANDARD = gnu99;
				GCC_DYNAMIC_NO_PIC = NO;
				GCC_NO_COMMON_BLOCKS = YES;
				GCC_OPTIMIZATION_LEVEL = 0;
				GCC_PREPROCESSOR_DEFINITIONS = (
					"DEBUG=1",
					"$(inherited)",
				);
				GCC_WARN_64_TO_32_BIT_CONVERSION = YES;
				GCC_WARN_ABOUT_RETURN_TYPE = YES_ERROR;
				GCC_WARN_UNDECLARED_SELECTOR = YES;
				GCC_WARN_UNINITIALIZED_AUTOS = YES_AGGRESSIVE;
				GCC_WARN_UNUSED_FUNCTION = YES;
				GCC_WARN_UNUSED_VARIABLE = YES;
				IPHONEOS_DEPLOYMENT_TARGET = 9.3;
				MTL_ENABLE_DEBUG_INFO = YES;
				ONLY_ACTIVE_ARCH = YES;
				SDKROOT = iphoneos;
				SWIFT_OPTIMIZATION_LEVEL = "-Onone";
			};
			name = Debug;
		};
		42731C351D439FDD006E0FBC /* Release */ = {
			isa = XCBuildConfiguration;
			buildSettings = {
				ALWAYS_SEARCH_USER_PATHS = NO;
				CLANG_ANALYZER_NONNULL = YES;
				CLANG_CXX_LANGUAGE_STANDARD = "gnu++0x";
				CLANG_CXX_LIBRARY = "libc++";
				CLANG_ENABLE_MODULES = YES;
				CLANG_ENABLE_OBJC_ARC = YES;
				CLANG_WARN_BOOL_CONVERSION = YES;
				CLANG_WARN_CONSTANT_CONVERSION = YES;
				CLANG_WARN_DIRECT_OBJC_ISA_USAGE = YES_ERROR;
				CLANG_WARN_EMPTY_BODY = YES;
				CLANG_WARN_ENUM_CONVERSION = YES;
				CLANG_WARN_INT_CONVERSION = YES;
				CLANG_WARN_OBJC_ROOT_CLASS = YES_ERROR;
				CLANG_WARN_UNREACHABLE_CODE = YES;
				CLANG_WARN__DUPLICATE_METHOD_MATCH = YES;
				"CODE_SIGN_IDENTITY[sdk=iphoneos*]" = "iPhone Developer";
				COPY_PHASE_STRIP = NO;
				DEBUG_INFORMATION_FORMAT = "dwarf-with-dsym";
				ENABLE_NS_ASSERTIONS = NO;
				ENABLE_STRICT_OBJC_MSGSEND = YES;
				GCC_C_LANGUAGE_STANDARD = gnu99;
				GCC_NO_COMMON_BLOCKS = YES;
				GCC_WARN_64_TO_32_BIT_CONVERSION = YES;
				GCC_WARN_ABOUT_RETURN_TYPE = YES_ERROR;
				GCC_WARN_UNDECLARED_SELECTOR = YES;
				GCC_WARN_UNINITIALIZED_AUTOS = YES_AGGRESSIVE;
				GCC_WARN_UNUSED_FUNCTION = YES;
				GCC_WARN_UNUSED_VARIABLE = YES;
				IPHONEOS_DEPLOYMENT_TARGET = 9.3;
				MTL_ENABLE_DEBUG_INFO = NO;
				SDKROOT = iphoneos;
				VALIDATE_PRODUCT = YES;
			};
			name = Release;
		};
		42731C371D439FDD006E0FBC /* Debug */ = {
			isa = XCBuildConfiguration;
			buildSettings = {
				ASSETCATALOG_COMPILER_APPICON_NAME = AppIcon;
				INFOPLIST_FILE = FindingPrime/Info.plist;
				LD_RUNPATH_SEARCH_PATHS = "$(inherited) @executable_path/Frameworks";
				PRODUCT_BUNDLE_IDENTIFIER = edima.FindingPrime;
				PRODUCT_NAME = "$(TARGET_NAME)";
			};
			name = Debug;
		};
		42731C381D439FDD006E0FBC /* Release */ = {
			isa = XCBuildConfiguration;
			buildSettings = {
				ASSETCATALOG_COMPILER_APPICON_NAME = AppIcon;
				INFOPLIST_FILE = FindingPrime/Info.plist;
				LD_RUNPATH_SEARCH_PATHS = "$(inherited) @executable_path/Frameworks";
				PRODUCT_BUNDLE_IDENTIFIER = edima.FindingPrime;
				PRODUCT_NAME = "$(TARGET_NAME)";
			};
			name = Release;
		};
/* End XCBuildConfiguration section */

/* Begin XCConfigurationList section */
		42731C1F1D439FDB006E0FBC /* Build configuration list for PBXProject "FindingPrime" */ = {
			isa = XCConfigurationList;
			buildConfigurations = (
				42731C341D439FDD006E0FBC /* Debug */,
				42731C351D439FDD006E0FBC /* Release */,
			);
			defaultConfigurationIsVisible = 0;
			defaultConfigurationName = Release;
		};
		42731C361D439FDD006E0FBC /* Build configuration list for PBXNativeTarget "FindingPrime" */ = {
			isa = XCConfigurationList;
			buildConfigurations = (
				42731C371D439FDD006E0FBC /* Debug */,
				42731C381D439FDD006E0FBC /* Release */,
			);
			defaultConfigurationIsVisible = 0;
		};
/* End XCConfigurationList section */
	};
	rootObject = 42731C1C1D439FDB006E0FBC /* Project object */;
}
