// !$*UTF8*$!
{
	archiveVersion = 1;
	classes = {
	};
	objectVersion = 46;
	objects = {

/* Begin PBXBuildFile section */
		42C3498E1D46610000044481 /* AppDelegate.swift in Sources */ = {isa = PBXBuildFile; fileRef = 42C3498D1D46610000044481 /* AppDelegate.swift */; };
		42C349901D46610000044481 /* ViewController.swift in Sources */ = {isa = PBXBuildFile; fileRef = 42C3498F1D46610000044481 /* ViewController.swift */; };
		42C349931D46610000044481 /* Main.storyboard in Resources */ = {isa = PBXBuildFile; fileRef = 42C349911D46610000044481 /* Main.storyboard */; };
		42C349951D46610000044481 /* Assets.xcassets in Resources */ = {isa = PBXBuildFile; fileRef = 42C349941D46610000044481 /* Assets.xcassets */; };
		42C349981D46610000044481 /* LaunchScreen.storyboard in Resources */ = {isa = PBXBuildFile; fileRef = 42C349961D46610000044481 /* LaunchScreen.storyboard */; };
/* End PBXBuildFile section */

/* Begin PBXFileReference section */
		42C3498A1D46610000044481 /* AppTimer.app */ = {isa = PBXFileReference; explicitFileType = wrapper.application; includeInIndex = 0; path = AppTimer.app; sourceTree = BUILT_PRODUCTS_DIR; };
		42C3498D1D46610000044481 /* AppDelegate.swift */ = {isa = PBXFileReference; lastKnownFileType = sourcecode.swift; path = AppDelegate.swift; sourceTree = "<group>"; };
		42C3498F1D46610000044481 /* ViewController.swift */ = {isa = PBXFileReference; lastKnownFileType = sourcecode.swift; path = ViewController.swift; sourceTree = "<group>"; };
		42C349921D46610000044481 /* Base */ = {isa = PBXFileReference; lastKnownFileType = file.storyboard; name = Base; path = Base.lproj/Main.storyboard; sourceTree = "<group>"; };
		42C349941D46610000044481 /* Assets.xcassets */ = {isa = PBXFileReference; lastKnownFileType = folder.assetcatalog; path = Assets.xcassets; sourceTree = "<group>"; };
		42C349971D46610000044481 /* Base */ = {isa = PBXFileReference; lastKnownFileType = file.storyboard; name = Base; path = Base.lproj/LaunchScreen.storyboard; sourceTree = "<group>"; };
		42C349991D46610000044481 /* Info.plist */ = {isa = PBXFileReference; lastKnownFileType = text.plist.xml; path = Info.plist; sourceTree = "<group>"; };
/* End PBXFileReference section */

/* Begin PBXFrameworksBuildPhase section */
		42C349871D46610000044481 /* Frameworks */ = {
			isa = PBXFrameworksBuildPhase;
			buildActionMask = 2147483647;
			files = (
			);
			runOnlyForDeploymentPostprocessing = 0;
		};
/* End PBXFrameworksBuildPhase section */

/* Begin PBXGroup section */
		42C349811D46610000044481 = {
			isa = PBXGroup;
			children = (
				42C3498C1D46610000044481 /* AppTimer */,
				42C3498B1D46610000044481 /* Products */,
			);
			sourceTree = "<group>";
		};
		42C3498B1D46610000044481 /* Products */ = {
			isa = PBXGroup;
			children = (
				42C3498A1D46610000044481 /* AppTimer.app */,
			);
			name = Products;
			sourceTree = "<group>";
		};
		42C3498C1D46610000044481 /* AppTimer */ = {
			isa = PBXGroup;
			children = (
				42C3498D1D46610000044481 /* AppDelegate.swift */,
				42C3498F1D46610000044481 /* ViewController.swift */,
				42C349911D46610000044481 /* Main.storyboard */,
				42C349941D46610000044481 /* Assets.xcassets */,
				42C349961D46610000044481 /* LaunchScreen.storyboard */,
				42C349991D46610000044481 /* Info.plist */,
			);
			path = AppTimer;
			sourceTree = "<group>";
		};
/* End PBXGroup section */

/* Begin PBXNativeTarget section */
		42C349891D46610000044481 /* AppTimer */ = {
			isa = PBXNativeTarget;
			buildConfigurationList = 42C3499C1D46610000044481 /* Build configuration list for PBXNativeTarget "AppTimer" */;
			buildPhases = (
				42C349861D46610000044481 /* Sources */,
				42C349871D46610000044481 /* Frameworks */,
				42C349881D46610000044481 /* Resources */,
			);
			buildRules = (
			);
			dependencies = (
			);
			name = AppTimer;
			productName = AppTimer;
			productReference = 42C3498A1D46610000044481 /* AppTimer.app */;
			productType = "com.apple.product-type.application";
		};
/* End PBXNativeTarget section */

/* Begin PBXProject section */
		42C349821D46610000044481 /* Project object */ = {
			isa = PBXProject;
			attributes = {
				LastSwiftUpdateCheck = 0730;
				LastUpgradeCheck = 0730;
				ORGANIZATIONNAME = Edima;
				TargetAttributes = {
					42C349891D46610000044481 = {
						CreatedOnToolsVersion = 7.3.1;
						DevelopmentTeam = A8T75P539K;
					};
				};
			};
			buildConfigurationList = 42C349851D46610000044481 /* Build configuration list for PBXProject "AppTimer" */;
			compatibilityVersion = "Xcode 3.2";
			developmentRegion = English;
			hasScannedForEncodings = 0;
			knownRegions = (
				en,
				Base,
			);
			mainGroup = 42C349811D46610000044481;
			productRefGroup = 42C3498B1D46610000044481 /* Products */;
			projectDirPath = "";
			projectRoot = "";
			targets = (
				42C349891D46610000044481 /* AppTimer */,
			);
		};
/* End PBXProject section */

/* Begin PBXResourcesBuildPhase section */
		42C349881D46610000044481 /* Resources */ = {
			isa = PBXResourcesBuildPhase;
			buildActionMask = 2147483647;
			files = (
				42C349981D46610000044481 /* LaunchScreen.storyboard in Resources */,
				42C349951D46610000044481 /* Assets.xcassets in Resources */,
				42C349931D46610000044481 /* Main.storyboard in Resources */,
			);
			runOnlyForDeploymentPostprocessing = 0;
		};
/* End PBXResourcesBuildPhase section */

/* Begin PBXSourcesBuildPhase section */
		42C349861D46610000044481 /* Sources */ = {
			isa = PBXSourcesBuildPhase;
			buildActionMask = 2147483647;
			files = (
				42C349901D46610000044481 /* ViewController.swift in Sources */,
				42C3498E1D46610000044481 /* AppDelegate.swift in Sources */,
			);
			runOnlyForDeploymentPostprocessing = 0;
		};
/* End PBXSourcesBuildPhase section */

/* Begin PBXVariantGroup section */
		42C349911D46610000044481 /* Main.storyboard */ = {
			isa = PBXVariantGroup;
			children = (
				42C349921D46610000044481 /* Base */,
			);
			name = Main.storyboard;
			sourceTree = "<group>";
		};
		42C349961D46610000044481 /* LaunchScreen.storyboard */ = {
			isa = PBXVariantGroup;
			children = (
				42C349971D46610000044481 /* Base */,
			);
			name = LaunchScreen.storyboard;
			sourceTree = "<group>";
		};
/* End PBXVariantGroup section */

/* Begin XCBuildConfiguration section */
		42C3499A1D46610000044481 /* Debug */ = {
			isa = XCBuildConfiguration;
			buildSettings = {
				ALWAYS_SEARCH_USER_PATHS = NO;
				CLANG_ANALYZER_NONNULL = YES;
				CLANG_CXX_LANGUAGE_STANDARD = "gnu++0x";
				CLANG_CXX_LIBRARY = "libc++";
				CLANG_ENABLE_MODULES = YES;
				CLANG_ENABLE_OBJC_ARC = YES;
				CLANG_WARN_BOOL_CONVERSION = YES;
				CLANG_WARN_CONSTANT_CONVERSION = YES;
				CLANG_WARN_DIRECT_OBJC_ISA_USAGE = YES_ERROR;
				CLANG_WARN_EMPTY_BODY = YES;
				CLANG_WARN_ENUM_CONVERSION = YES;
				CLANG_WARN_INT_CONVERSION = YES;
				CLANG_WARN_OBJC_ROOT_CLASS = YES_ERROR;
				CLANG_WARN_UNREACHABLE_CODE = YES;
				CLANG_WARN__DUPLICATE_METHOD_MATCH = YES;
				"CODE_SIGN_IDENTITY[sdk=iphoneos*]" = "iPhone Developer";
				COPY_PHASE_STRIP = NO;
				DEBUG_INFORMATION_FORMAT = dwarf;
				ENABLE_STRICT_OBJC_MSGSEND = YES;
				ENABLE_TESTABILITY = YES;
				GCC_C_LANGUAGE_STANDARD = gnu99;
				GCC_DYNAMIC_NO_PIC = NO;
				GCC_NO_COMMON_BLOCKS = YES;
				GCC_OPTIMIZATION_LEVEL = 0;
				GCC_PREPROCESSOR_DEFINITIONS = (
					"DEBUG=1",
					"$(inherited)",
				);
				GCC_WARN_64_TO_32_BIT_CONVERSION = YES;
				GCC_WARN_ABOUT_RETURN_TYPE = YES_ERROR;
				GCC_WARN_UNDECLARED_SELECTOR = YES;
				GCC_WARN_UNINITIALIZED_AUTOS = YES_AGGRESSIVE;
				GCC_WARN_UNUSED_FUNCTION = YES;
				GCC_WARN_UNUSED_VARIABLE = YES;
				IPHONEOS_DEPLOYMENT_TARGET = 9.3;
				MTL_ENABLE_DEBUG_INFO = YES;
				ONLY_ACTIVE_ARCH = YES;
				SDKROOT = iphoneos;
				SWIFT_OPTIMIZATION_LEVEL = "-Onone";
			};
			name = Debug;
		};
		42C3499B1D46610000044481 /* Release */ = {
			isa = XCBuildConfiguration;
			buildSettings = {
				ALWAYS_SEARCH_USER_PATHS = NO;
				CLANG_ANALYZER_NONNULL = YES;
				CLANG_CXX_LANGUAGE_STANDARD = "gnu++0x";
				CLANG_CXX_LIBRARY = "libc++";
				CLANG_ENABLE_MODULES = YES;
				CLANG_ENABLE_OBJC_ARC = YES;
				CLANG_WARN_BOOL_CONVERSION = YES;
				CLANG_WARN_CONSTANT_CONVERSION = YES;
				CLANG_WARN_DIRECT_OBJC_ISA_USAGE = YES_ERROR;
				CLANG_WARN_EMPTY_BODY = YES;
				CLANG_WARN_ENUM_CONVERSION = YES;
				CLANG_WARN_INT_CONVERSION = YES;
				CLANG_WARN_OBJC_ROOT_CLASS = YES_ERROR;
				CLANG_WARN_UNREACHABLE_CODE = YES;
				CLANG_WARN__DUPLICATE_METHOD_MATCH = YES;
				"CODE_SIGN_IDENTITY[sdk=iphoneos*]" = "iPhone Developer";
				COPY_PHASE_STRIP = NO;
				DEBUG_INFORMATION_FORMAT = "dwarf-with-dsym";
				ENABLE_NS_ASSERTIONS = NO;
				ENABLE_STRICT_OBJC_MSGSEND = YES;
				GCC_C_LANGUAGE_STANDARD = gnu99;
				GCC_NO_COMMON_BLOCKS = YES;
				GCC_WARN_64_TO_32_BIT_CONVERSION = YES;
				GCC_WARN_ABOUT_RETURN_TYPE = YES_ERROR;
				GCC_WARN_UNDECLARED_SELECTOR = YES;
				GCC_WARN_UNINITIALIZED_AUTOS = YES_AGGRESSIVE;
				GCC_WARN_UNUSED_FUNCTION = YES;
				GCC_WARN_UNUSED_VARIABLE = YES;
				IPHONEOS_DEPLOYMENT_TARGET = 9.3;
				MTL_ENABLE_DEBUG_INFO = NO;
				SDKROOT = iphoneos;
				VALIDATE_PRODUCT = YES;
			};
			name = Release;
		};
		42C3499D1D46610000044481 /* Debug */ = {
			isa = XCBuildConfiguration;
			buildSettings = {
				ASSETCATALOG_COMPILER_APPICON_NAME = AppIcon;
				INFOPLIST_FILE = AppTimer/Info.plist;
				LD_RUNPATH_SEARCH_PATHS = "$(inherited) @executable_path/Frameworks";
				PRODUCT_BUNDLE_IDENTIFIER = edima.AppTimer;
				PRODUCT_NAME = "$(TARGET_NAME)";
			};
			name = Debug;
		};
		42C3499E1D46610000044481 /* Release */ = {
			isa = XCBuildConfiguration;
			buildSettings = {
				ASSETCATALOG_COMPILER_APPICON_NAME = AppIcon;
				INFOPLIST_FILE = AppTimer/Info.plist;
				LD_RUNPATH_SEARCH_PATHS = "$(inherited) @executable_path/Frameworks";
				PRODUCT_BUNDLE_IDENTIFIER = edima.AppTimer;
				PRODUCT_NAME = "$(TARGET_NAME)";
			};
			name = Release;
		};
/* End XCBuildConfiguration section */

/* Begin XCConfigurationList section */
		42C349851D46610000044481 /* Build configuration list for PBXProject "AppTimer" */ = {
			isa = XCConfigurationList;
			buildConfigurations = (
				42C3499A1D46610000044481 /* Debug */,
				42C3499B1D46610000044481 /* Release */,
			);
			defaultConfigurationIsVisible = 0;
			defaultConfigurationName = Release;
		};
		42C3499C1D46610000044481 /* Build configuration list for PBXNativeTarget "AppTimer" */ = {
			isa = XCConfigurationList;
			buildConfigurations = (
				42C3499D1D46610000044481 /* Debug */,
				42C3499E1D46610000044481 /* Release */,
			);
			defaultConfigurationIsVisible = 0;
		};
/* End XCConfigurationList section */
	};
	rootObject = 42C349821D46610000044481 /* Project object */;
}
