// !$*UTF8*$!
{
	archiveVersion = 1;
	classes = {
	};
	objectVersion = 46;
	objects = {

/* Begin PBXBuildFile section */
		425416BF1D45042600EF01F7 /* AppDelegate.swift in Sources */ = {isa = PBXBuildFile; fileRef = 425416BE1D45042600EF01F7 /* AppDelegate.swift */; };
		425416C11D45042600EF01F7 /* ViewController.swift in Sources */ = {isa = PBXBuildFile; fileRef = 425416C01D45042600EF01F7 /* ViewController.swift */; };
		425416C41D45042600EF01F7 /* Main.storyboard in Resources */ = {isa = PBXBuildFile; fileRef = 425416C21D45042600EF01F7 /* Main.storyboard */; };
		425416C61D45042600EF01F7 /* Assets.xcassets in Resources */ = {isa = PBXBuildFile; fileRef = 425416C51D45042600EF01F7 /* Assets.xcassets */; };
		425416C91D45042600EF01F7 /* LaunchScreen.storyboard in Resources */ = {isa = PBXBuildFile; fileRef = 425416C71D45042600EF01F7 /* LaunchScreen.storyboard */; };
/* End PBXBuildFile section */

/* Begin PBXFileReference section */
		425416BB1D45042600EF01F7 /* NavBar.app */ = {isa = PBXFileReference; explicitFileType = wrapper.application; includeInIndex = 0; path = NavBar.app; sourceTree = BUILT_PRODUCTS_DIR; };
		425416BE1D45042600EF01F7 /* AppDelegate.swift */ = {isa = PBXFileReference; lastKnownFileType = sourcecode.swift; path = AppDelegate.swift; sourceTree = "<group>"; };
		425416C01D45042600EF01F7 /* ViewController.swift */ = {isa = PBXFileReference; lastKnownFileType = sourcecode.swift; path = ViewController.swift; sourceTree = "<group>"; };
		425416C31D45042600EF01F7 /* Base */ = {isa = PBXFileReference; lastKnownFileType = file.storyboard; name = Base; path = Base.lproj/Main.storyboard; sourceTree = "<group>"; };
		425416C51D45042600EF01F7 /* Assets.xcassets */ = {isa = PBXFileReference; lastKnownFileType = folder.assetcatalog; path = Assets.xcassets; sourceTree = "<group>"; };
		425416C81D45042600EF01F7 /* Base */ = {isa = PBXFileReference; lastKnownFileType = file.storyboard; name = Base; path = Base.lproj/LaunchScreen.storyboard; sourceTree = "<group>"; };
		425416CA1D45042600EF01F7 /* Info.plist */ = {isa = PBXFileReference; lastKnownFileType = text.plist.xml; path = Info.plist; sourceTree = "<group>"; };
/* End PBXFileReference section */

/* Begin PBXFrameworksBuildPhase section */
		425416B81D45042600EF01F7 /* Frameworks */ = {
			isa = PBXFrameworksBuildPhase;
			buildActionMask = 2147483647;
			files = (
			);
			runOnlyForDeploymentPostprocessing = 0;
		};
/* End PBXFrameworksBuildPhase section */

/* Begin PBXGroup section */
		425416B21D45042500EF01F7 = {
			isa = PBXGroup;
			children = (
				425416BD1D45042600EF01F7 /* NavBar */,
				425416BC1D45042600EF01F7 /* Products */,
			);
			sourceTree = "<group>";
		};
		425416BC1D45042600EF01F7 /* Products */ = {
			isa = PBXGroup;
			children = (
				425416BB1D45042600EF01F7 /* NavBar.app */,
			);
			name = Products;
			sourceTree = "<group>";
		};
		425416BD1D45042600EF01F7 /* NavBar */ = {
			isa = PBXGroup;
			children = (
				425416BE1D45042600EF01F7 /* AppDelegate.swift */,
				425416C01D45042600EF01F7 /* ViewController.swift */,
				425416C21D45042600EF01F7 /* Main.storyboard */,
				425416C51D45042600EF01F7 /* Assets.xcassets */,
				425416C71D45042600EF01F7 /* LaunchScreen.storyboard */,
				425416CA1D45042600EF01F7 /* Info.plist */,
			);
			path = NavBar;
			sourceTree = "<group>";
		};
/* End PBXGroup section */

/* Begin PBXNativeTarget section */
		425416BA1D45042600EF01F7 /* NavBar */ = {
			isa = PBXNativeTarget;
			buildConfigurationList = 425416CD1D45042600EF01F7 /* Build configuration list for PBXNativeTarget "NavBar" */;
			buildPhases = (
				425416B71D45042600EF01F7 /* Sources */,
				425416B81D45042600EF01F7 /* Frameworks */,
				425416B91D45042600EF01F7 /* Resources */,
			);
			buildRules = (
			);
			dependencies = (
			);
			name = NavBar;
			productName = NavBar;
			productReference = 425416BB1D45042600EF01F7 /* NavBar.app */;
			productType = "com.apple.product-type.application";
		};
/* End PBXNativeTarget section */

/* Begin PBXProject section */
		425416B31D45042500EF01F7 /* Project object */ = {
			isa = PBXProject;
			attributes = {
				LastSwiftUpdateCheck = 0730;
				LastUpgradeCheck = 0730;
				ORGANIZATIONNAME = Edima;
				TargetAttributes = {
					425416BA1D45042600EF01F7 = {
						CreatedOnToolsVersion = 7.3.1;
						DevelopmentTeam = A8T75P539K;
					};
				};
			};
			buildConfigurationList = 425416B61D45042600EF01F7 /* Build configuration list for PBXProject "NavBar" */;
			compatibilityVersion = "Xcode 3.2";
			developmentRegion = English;
			hasScannedForEncodings = 0;
			knownRegions = (
				en,
				Base,
			);
			mainGroup = 425416B21D45042500EF01F7;
			productRefGroup = 425416BC1D45042600EF01F7 /* Products */;
			projectDirPath = "";
			projectRoot = "";
			targets = (
				425416BA1D45042600EF01F7 /* NavBar */,
			);
		};
/* End PBXProject section */

/* Begin PBXResourcesBuildPhase section */
		425416B91D45042600EF01F7 /* Resources */ = {
			isa = PBXResourcesBuildPhase;
			buildActionMask = 2147483647;
			files = (
				425416C91D45042600EF01F7 /* LaunchScreen.storyboard in Resources */,
				425416C61D45042600EF01F7 /* Assets.xcassets in Resources */,
				425416C41D45042600EF01F7 /* Main.storyboard in Resources */,
			);
			runOnlyForDeploymentPostprocessing = 0;
		};
/* End PBXResourcesBuildPhase section */

/* Begin PBXSourcesBuildPhase section */
		425416B71D45042600EF01F7 /* Sources */ = {
			isa = PBXSourcesBuildPhase;
			buildActionMask = 2147483647;
			files = (
				425416C11D45042600EF01F7 /* ViewController.swift in Sources */,
				425416BF1D45042600EF01F7 /* AppDelegate.swift in Sources */,
			);
			runOnlyForDeploymentPostprocessing = 0;
		};
/* End PBXSourcesBuildPhase section */

/* Begin PBXVariantGroup section */
		425416C21D45042600EF01F7 /* Main.storyboard */ = {
			isa = PBXVariantGroup;
			children = (
				425416C31D45042600EF01F7 /* Base */,
			);
			name = Main.storyboard;
			sourceTree = "<group>";
		};
		425416C71D45042600EF01F7 /* LaunchScreen.storyboard */ = {
			isa = PBXVariantGroup;
			children = (
				425416C81D45042600EF01F7 /* Base */,
			);
			name = LaunchScreen.storyboard;
			sourceTree = "<group>";
		};
/* End PBXVariantGroup section */

/* Begin XCBuildConfiguration section */
		425416CB1D45042600EF01F7 /* Debug */ = {
			isa = XCBuildConfiguration;
			buildSettings = {
				ALWAYS_SEARCH_USER_PATHS = NO;
				CLANG_ANALYZER_NONNULL = YES;
				CLANG_CXX_LANGUAGE_STANDARD = "gnu++0x";
				CLANG_CXX_LIBRARY = "libc++";
				CLANG_ENABLE_MODULES = YES;
				CLANG_ENABLE_OBJC_ARC = YES;
				CLANG_WARN_BOOL_CONVERSION = YES;
				CLANG_WARN_CONSTANT_CONVERSION = YES;
				CLANG_WARN_DIRECT_OBJC_ISA_USAGE = YES_ERROR;
				CLANG_WARN_EMPTY_BODY = YES;
				CLANG_WARN_ENUM_CONVERSION = YES;
				CLANG_WARN_INT_CONVERSION = YES;
				CLANG_WARN_OBJC_ROOT_CLASS = YES_ERROR;
				CLANG_WARN_UNREACHABLE_CODE = YES;
				CLANG_WARN__DUPLICATE_METHOD_MATCH = YES;
				"CODE_SIGN_IDENTITY[sdk=iphoneos*]" = "iPhone Developer";
				COPY_PHASE_STRIP = NO;
				DEBUG_INFORMATION_FORMAT = dwarf;
				ENABLE_STRICT_OBJC_MSGSEND = YES;
				ENABLE_TESTABILITY = YES;
				GCC_C_LANGUAGE_STANDARD = gnu99;
				GCC_DYNAMIC_NO_PIC = NO;
				GCC_NO_COMMON_BLOCKS = YES;
				GCC_OPTIMIZATION_LEVEL = 0;
				GCC_PREPROCESSOR_DEFINITIONS = (
					"DEBUG=1",
					"$(inherited)",
				);
				GCC_WARN_64_TO_32_BIT_CONVERSION = YES;
				GCC_WARN_ABOUT_RETURN_TYPE = YES_ERROR;
				GCC_WARN_UNDECLARED_SELECTOR = YES;
				GCC_WARN_UNINITIALIZED_AUTOS = YES_AGGRESSIVE;
				GCC_WARN_UNUSED_FUNCTION = YES;
				GCC_WARN_UNUSED_VARIABLE = YES;
				IPHONEOS_DEPLOYMENT_TARGET = 9.3;
				MTL_ENABLE_DEBUG_INFO = YES;
				ONLY_ACTIVE_ARCH = YES;
				SDKROOT = iphoneos;
				SWIFT_OPTIMIZATION_LEVEL = "-Onone";
			};
			name = Debug;
		};
		425416CC1D45042600EF01F7 /* Release */ = {
			isa = XCBuildConfiguration;
			buildSettings = {
				ALWAYS_SEARCH_USER_PATHS = NO;
				CLANG_ANALYZER_NONNULL = YES;
				CLANG_CXX_LANGUAGE_STANDARD = "gnu++0x";
				CLANG_CXX_LIBRARY = "libc++";
				CLANG_ENABLE_MODULES = YES;
				CLANG_ENABLE_OBJC_ARC = YES;
				CLANG_WARN_BOOL_CONVERSION = YES;
				CLANG_WARN_CONSTANT_CONVERSION = YES;
				CLANG_WARN_DIRECT_OBJC_ISA_USAGE = YES_ERROR;
				CLANG_WARN_EMPTY_BODY = YES;
				CLANG_WARN_ENUM_CONVERSION = YES;
				CLANG_WARN_INT_CONVERSION = YES;
				CLANG_WARN_OBJC_ROOT_CLASS = YES_ERROR;
				CLANG_WARN_UNREACHABLE_CODE = YES;
				CLANG_WARN__DUPLICATE_METHOD_MATCH = YES;
				"CODE_SIGN_IDENTITY[sdk=iphoneos*]" = "iPhone Developer";
				COPY_PHASE_STRIP = NO;
				DEBUG_INFORMATION_FORMAT = "dwarf-with-dsym";
				ENABLE_NS_ASSERTIONS = NO;
				ENABLE_STRICT_OBJC_MSGSEND = YES;
				GCC_C_LANGUAGE_STANDARD = gnu99;
				GCC_NO_COMMON_BLOCKS = YES;
				GCC_WARN_64_TO_32_BIT_CONVERSION = YES;
				GCC_WARN_ABOUT_RETURN_TYPE = YES_ERROR;
				GCC_WARN_UNDECLARED_SELECTOR = YES;
				GCC_WARN_UNINITIALIZED_AUTOS = YES_AGGRESSIVE;
				GCC_WARN_UNUSED_FUNCTION = YES;
				GCC_WARN_UNUSED_VARIABLE = YES;
				IPHONEOS_DEPLOYMENT_TARGET = 9.3;
				MTL_ENABLE_DEBUG_INFO = NO;
				SDKROOT = iphoneos;
				VALIDATE_PRODUCT = YES;
			};
			name = Release;
		};
		425416CE1D45042600EF01F7 /* Debug */ = {
			isa = XCBuildConfiguration;
			buildSettings = {
				ASSETCATALOG_COMPILER_APPICON_NAME = AppIcon;
				INFOPLIST_FILE = NavBar/Info.plist;
				LD_RUNPATH_SEARCH_PATHS = "$(inherited) @executable_path/Frameworks";
				PRODUCT_BUNDLE_IDENTIFIER = edima.NavBar;
				PRODUCT_NAME = "$(TARGET_NAME)";
			};
			name = Debug;
		};
		425416CF1D45042600EF01F7 /* Release */ = {
			isa = XCBuildConfiguration;
			buildSettings = {
				ASSETCATALOG_COMPILER_APPICON_NAME = AppIcon;
				INFOPLIST_FILE = NavBar/Info.plist;
				LD_RUNPATH_SEARCH_PATHS = "$(inherited) @executable_path/Frameworks";
				PRODUCT_BUNDLE_IDENTIFIER = edima.NavBar;
				PRODUCT_NAME = "$(TARGET_NAME)";
			};
			name = Release;
		};
/* End XCBuildConfiguration section */

/* Begin XCConfigurationList section */
		425416B61D45042600EF01F7 /* Build configuration list for PBXProject "NavBar" */ = {
			isa = XCConfigurationList;
			buildConfigurations = (
				425416CB1D45042600EF01F7 /* Debug */,
				425416CC1D45042600EF01F7 /* Release */,
			);
			defaultConfigurationIsVisible = 0;
			defaultConfigurationName = Release;
		};
		425416CD1D45042600EF01F7 /* Build configuration list for PBXNativeTarget "NavBar" */ = {
			isa = XCConfigurationList;
			buildConfigurations = (
				425416CE1D45042600EF01F7 /* Debug */,
				425416CF1D45042600EF01F7 /* Release */,
			);
			defaultConfigurationIsVisible = 0;
		};
/* End XCConfigurationList section */
	};
	rootObject = 425416B31D45042500EF01F7 /* Project object */;
}
